
Microsoft Visual Studio Solution File, Format Version 12.00
# Visual Studio Version 17
VisualStudioVersion = 17.10.35122.118
MinimumVisualStudioVersion = 10.0.40219.1
Project("{FAE04EC0-301F-11D3-BF4B-00C04F79EFBC}") = "Order.API", "Order.API\Order.API.csproj", "{3A6E24CF-5AED-4800-A92D-9492A29A7BE0}"
EndProject
Project("{FAE04EC0-301F-11D3-BF4B-00C04F79EFBC}") = "Stock.API", "Stock.API\Stock.API.csproj", "{3171C1EE-FBD5-4868-8F51-440F3BAB26BA}"
EndProject
Project("{FAE04EC0-301F-11D3-BF4B-00C04F79EFBC}") = "Payment.API", "Payment.API\Payment.API.csproj", "{AF10871A-E46C-4462-AF29-333BC81F57B7}"
EndProject
Project("{FAE04EC0-301F-11D3-BF4B-00C04F79EFBC}") = "Shared", "Shared\Shared.csproj", "{C3F49CD5-4CD0-4CEA-BFC2-BD6D00711299}"
EndProject
Global
	GlobalSection(SolutionConfigurationPlatforms) = preSolution
		Debug|Any CPU = Debug|Any CPU
		Release|Any CPU = Release|Any CPU
	EndGlobalSection
	GlobalSection(ProjectConfigurationPlatforms) = postSolution
		{3A6E24CF-5AED-4800-A92D-9492A29A7BE0}.Debug|Any CPU.ActiveCfg = Debug|Any CPU
		{3A6E24CF-5AED-4800-A92D-9492A29A7BE0}.Debug|Any CPU.Build.0 = Debug|Any CPU
		{3A6E24CF-5AED-4800-A92D-9492A29A7BE0}.Release|Any CPU.ActiveCfg = Release|Any CPU
		{3A6E24CF-5AED-4800-A92D-9492A29A7BE0}.Release|Any CPU.Build.0 = Release|Any CPU
		{3171C1EE-FBD5-4868-8F51-440F3BAB26BA}.Debug|Any CPU.ActiveCfg = Debug|Any CPU
		{3171C1EE-FBD5-4868-8F51-440F3BAB26BA}.Debug|Any CPU.Build.0 = Debug|Any CPU
		{3171C1EE-FBD5-4868-8F51-440F3BAB26BA}.Release|Any CPU.ActiveCfg = Release|Any CPU
		{3171C1EE-FBD5-4868-8F51-440F3BAB26BA}.Release|Any CPU.Build.0 = Release|Any CPU
		{AF10871A-E46C-4462-AF29-333BC81F57B7}.Debug|Any CPU.ActiveCfg = Debug|Any CPU
		{AF10871A-E46C-4462-AF29-333BC81F57B7}.Debug|Any CPU.Build.0 = Debug|Any CPU
		{AF10871A-E46C-4462-AF29-333BC81F57B7}.Release|Any CPU.ActiveCfg = Release|Any CPU
		{AF10871A-E46C-4462-AF29-333BC81F57B7}.Release|Any CPU.Build.0 = Release|Any CPU
		{C3F49CD5-4CD0-4CEA-BFC2-BD6D00711299}.Debug|Any CPU.ActiveCfg = Debug|Any CPU
		{C3F49CD5-4CD0-4CEA-BFC2-BD6D00711299}.Debug|Any CPU.Build.0 = Debug|Any CPU
		{C3F49CD5-4CD0-4CEA-BFC2-BD6D00711299}.Release|Any CPU.ActiveCfg = Release|Any CPU
		{C3F49CD5-4CD0-4CEA-BFC2-BD6D00711299}.Release|Any CPU.Build.0 = Release|Any CPU
	EndGlobalSection
	GlobalSection(SolutionProperties) = preSolution
		HideSolutionNode = FALSE
	EndGlobalSection
	GlobalSection(ExtensibilityGlobals) = postSolution
		SolutionGuid = {74BD0C55-941F-4CF4-BB2B-BE71F18F05EA}
	EndGlobalSection
EndGlobal
